// !$*UTF8*$!
{
	archiveVersion = 1;
	classes = {
	};
	objectVersion = 50;
	objects = {

/* Begin PBXBuildFile section */
		6A021C0825328ADB0052AB7C /* UIView+addStyling.swift in Sources */ = {isa = PBXBuildFile; fileRef = 6A021C0725328ADB0052AB7C /* UIView+addStyling.swift */; };
		6A021C0B25328B140052AB7C /* UIView+addSubviews.swift in Sources */ = {isa = PBXBuildFile; fileRef = 6A021C0A25328B140052AB7C /* UIView+addSubviews.swift */; };
		6A021C0F25328B400052AB7C /* UILabel+style.swift in Sources */ = {isa = PBXBuildFile; fileRef = 6A021C0E25328B400052AB7C /* UILabel+style.swift */; };
		6A021C1225328BBA0052AB7C /* UITextField+style.swift in Sources */ = {isa = PBXBuildFile; fileRef = 6A021C1125328BBA0052AB7C /* UITextField+style.swift */; };
		6A021C1725328D230052AB7C /* UIButton+style.swift in Sources */ = {isa = PBXBuildFile; fileRef = 6A021C1625328D230052AB7C /* UIButton+style.swift */; };
		6A021C2F25329DB00052AB7C /* UITextView+style.swift in Sources */ = {isa = PBXBuildFile; fileRef = 6A021C2E25329DB00052AB7C /* UITextView+style.swift */; };
		6A021C32253337550052AB7C /* UIView+constrain.swift in Sources */ = {isa = PBXBuildFile; fileRef = 6A021C31253337550052AB7C /* UIView+constrain.swift */; };
		6A2A76F92533B0950023000E /* UIColor+themeColors.swift in Sources */ = {isa = PBXBuildFile; fileRef = 6A2A76F82533B0950023000E /* UIColor+themeColors.swift */; };
		6A2A76FD2533B0AA0023000E /* UIFont+themeFonts.swift in Sources */ = {isa = PBXBuildFile; fileRef = 6A2A76FC2533B0AA0023000E /* UIFont+themeFonts.swift */; };
		6A47C24E2542697800006E0E /* MainTabBarController.swift in Sources */ = {isa = PBXBuildFile; fileRef = 6A47C24D2542697800006E0E /* MainTabBarController.swift */; };
		B9083CFC253944C300DA4DE4 /* UIViewController+extension.swift in Sources */ = {isa = PBXBuildFile; fileRef = B9083CFB253944C300DA4DE4 /* UIViewController+extension.swift */; };
		D65A2AF9242A4F3E00E3326E /* AppDelegate.swift in Sources */ = {isa = PBXBuildFile; fileRef = D65A2AF8242A4F3E00E3326E /* AppDelegate.swift */; };
		D65A2AFB242A4F3E00E3326E /* SceneDelegate.swift in Sources */ = {isa = PBXBuildFile; fileRef = D65A2AFA242A4F3E00E3326E /* SceneDelegate.swift */; };
		D65A2AFD242A4F3E00E3326E /* RecordDreamViewController.swift in Sources */ = {isa = PBXBuildFile; fileRef = D65A2AFC242A4F3E00E3326E /* RecordDreamViewController.swift */; };
		D65A2B00242A4F3E00E3326E /* RecordDream.storyboard in Resources */ = {isa = PBXBuildFile; fileRef = D65A2AFE242A4F3E00E3326E /* RecordDream.storyboard */; };
		D65A2B02242A4F4400E3326E /* Assets.xcassets in Resources */ = {isa = PBXBuildFile; fileRef = D65A2B01242A4F4400E3326E /* Assets.xcassets */; };
		D65A2B05242A4F4400E3326E /* LaunchScreen.storyboard in Resources */ = {isa = PBXBuildFile; fileRef = D65A2B03242A4F4400E3326E /* LaunchScreen.storyboard */; };
		D670180E246B91C80029FE3F /* EditAndReplayDreamViewController.swift in Sources */ = {isa = PBXBuildFile; fileRef = D670180D246B91C80029FE3F /* EditAndReplayDreamViewController.swift */; };
		D6701810246C2A210029FE3F /* BorderedTextField.swift in Sources */ = {isa = PBXBuildFile; fileRef = D670180F246C2A210029FE3F /* BorderedTextField.swift */; };
		D6701814246C558A0029FE3F /* AccessibleText.swift in Sources */ = {isa = PBXBuildFile; fileRef = D6701813246C558A0029FE3F /* AccessibleText.swift */; };
		D69BC4B8246B46FB00C1CBA3 /* AudioRecorderHelperUIDelegate.swift in Sources */ = {isa = PBXBuildFile; fileRef = D69BC4B7246B46FB00C1CBA3 /* AudioRecorderHelperUIDelegate.swift */; };
		D69BC4BA246B471300C1CBA3 /* AudioRecorderStartingError.swift in Sources */ = {isa = PBXBuildFile; fileRef = D69BC4B9246B471300C1CBA3 /* AudioRecorderStartingError.swift */; };
		D69BC4BD246B498B00C1CBA3 /* Logger.swift in Sources */ = {isa = PBXBuildFile; fileRef = D69BC4BC246B498B00C1CBA3 /* Logger.swift */; };
		D69BC4BF246B4F4000C1CBA3 /* AudioRecorderHelperErrorDelegate.swift in Sources */ = {isa = PBXBuildFile; fileRef = D69BC4BE246B4F4000C1CBA3 /* AudioRecorderHelperErrorDelegate.swift */; };
		D69BC4C1246B5F8400C1CBA3 /* DreamRecorderErrorDelegate.swift in Sources */ = {isa = PBXBuildFile; fileRef = D69BC4C0246B5F8400C1CBA3 /* DreamRecorderErrorDelegate.swift */; };
		D69BC4C3246B69A700C1CBA3 /* RecordDreamView.swift in Sources */ = {isa = PBXBuildFile; fileRef = D69BC4C2246B69A700C1CBA3 /* RecordDreamView.swift */; };
		D6BA52F52469DE8C00166A7B /* AudioRecorderHelper.swift in Sources */ = {isa = PBXBuildFile; fileRef = D6BA52F42469DE8C00166A7B /* AudioRecorderHelper.swift */; };
		D6D1A737246ADAA800119418 /* CustomStringInterpolation.swift in Sources */ = {isa = PBXBuildFile; fileRef = D6D1A736246ADAA800119418 /* CustomStringInterpolation.swift */; };
		D6D27CDC2468625F00B7AF8F /* RoundedViews.swift in Sources */ = {isa = PBXBuildFile; fileRef = D6D27CDB2468625F00B7AF8F /* RoundedViews.swift */; };
		D6D76294246DFC5E00EF2E17 /* MultilineTextField.swift in Sources */ = {isa = PBXBuildFile; fileRef = D6D76293246DFC5E00EF2E17 /* MultilineTextField.swift */; };
		D6D76296246EF80800EF2E17 /* EditAndReplayDreamView.swift in Sources */ = {isa = PBXBuildFile; fileRef = D6D76295246EF80800EF2E17 /* EditAndReplayDreamView.swift */; };
		D6D7629C246F5B3600EF2E17 /* UIView+IBBorder.swift in Sources */ = {isa = PBXBuildFile; fileRef = D6D7629B246F5B3600EF2E17 /* UIView+IBBorder.swift */; };
		D6D7629E24703AB800EF2E17 /* UITextView+EdgeInsets.swift in Sources */ = {isa = PBXBuildFile; fileRef = D6D7629D24703AB800EF2E17 /* UITextView+EdgeInsets.swift */; };
		D6D762A32471C53700EF2E17 /* AudioPlayerHelper.swift in Sources */ = {isa = PBXBuildFile; fileRef = D6D762A22471C53700EF2E17 /* AudioPlayerHelper.swift */; };
		D6D762A52472E55900EF2E17 /* AudioPlayerHelperUIDelegate.swift in Sources */ = {isa = PBXBuildFile; fileRef = D6D762A42472E55900EF2E17 /* AudioPlayerHelperUIDelegate.swift */; };
		D6D762A92472E76F00EF2E17 /* AudioPlayerHelperErrorDelegate.swift in Sources */ = {isa = PBXBuildFile; fileRef = D6D762A82472E76F00EF2E17 /* AudioPlayerHelperErrorDelegate.swift */; };
		D6D762AB2472EFD800EF2E17 /* DreamPlayerErrorDelegate.swift in Sources */ = {isa = PBXBuildFile; fileRef = D6D762AA2472EFD800EF2E17 /* DreamPlayerErrorDelegate.swift */; };
		D6D762AD247339E000EF2E17 /* EditAndReplayDream.storyboard in Resources */ = {isa = PBXBuildFile; fileRef = D6D762AC247339E000EF2E17 /* EditAndReplayDream.storyboard */; };
		D6D762AF24733AEE00EF2E17 /* Main.storyboard in Resources */ = {isa = PBXBuildFile; fileRef = D6D762AE24733AEE00EF2E17 /* Main.storyboard */; };
		D6D762B224733CF500EF2E17 /* DreamWall.storyboard in Resources */ = {isa = PBXBuildFile; fileRef = D6D762B124733CF500EF2E17 /* DreamWall.storyboard */; };
		D6EBEB02246C760100CC227C /* MonoDigitLabel.swift in Sources */ = {isa = PBXBuildFile; fileRef = D6EBEB01246C760100CC227C /* MonoDigitLabel.swift */; };
		D6EBEB04246C79B500CC227C /* UIViewController+presentAlert.swift in Sources */ = {isa = PBXBuildFile; fileRef = D6EBEB03246C79B500CC227C /* UIViewController+presentAlert.swift */; };
		D6F49EC52476CDF20037F755 /* SpeechToTextHelper.swift in Sources */ = {isa = PBXBuildFile; fileRef = D6F49EC42476CDF20037F755 /* SpeechToTextHelper.swift */; };
		D841E892252B9863003B3456 /* AlarmViewController.swift in Sources */ = {isa = PBXBuildFile; fileRef = D841E891252B9863003B3456 /* AlarmViewController.swift */; };
		D841E894252BA023003B3456 /* AlarmTableViewCell.swift in Sources */ = {isa = PBXBuildFile; fileRef = D841E893252BA023003B3456 /* AlarmTableViewCell.swift */; };
		D841E896252BBBAD003B3456 /* SetAlarmViewController.swift in Sources */ = {isa = PBXBuildFile; fileRef = D841E895252BBBAD003B3456 /* SetAlarmViewController.swift */; };
		D841E898252CC883003B3456 /* Alarm.swift in Sources */ = {isa = PBXBuildFile; fileRef = D841E897252CC883003B3456 /* Alarm.swift */; };
		D841E89B252D1185003B3456 /* NotificationManager.swift in Sources */ = {isa = PBXBuildFile; fileRef = D841E89A252D1185003B3456 /* NotificationManager.swift */; };
		D84A5892252A6527006FDE19 /* OnboardingViewController.swift in Sources */ = {isa = PBXBuildFile; fileRef = D84A5891252A6527006FDE19 /* OnboardingViewController.swift */; };
		D84BB95C252EB625001BAC53 /* Dream.swift in Sources */ = {isa = PBXBuildFile; fileRef = D84BB95B252EB625001BAC53 /* Dream.swift */; };
		D84BB95E252F8E69001BAC53 /* DreamWallViewController.swift in Sources */ = {isa = PBXBuildFile; fileRef = D84BB95D252F8E69001BAC53 /* DreamWallViewController.swift */; };
		D84BB962252F8EE8001BAC53 /* DreamTableViewCell.swift in Sources */ = {isa = PBXBuildFile; fileRef = D84BB961252F8EE8001BAC53 /* DreamTableViewCell.swift */; };
		D84BB968253295DC001BAC53 /* DreamVM.swift in Sources */ = {isa = PBXBuildFile; fileRef = D84BB967253295DC001BAC53 /* DreamVM.swift */; };
		D84BB96A2532BEE0001BAC53 /* alarm.mp3 in Resources */ = {isa = PBXBuildFile; fileRef = D84BB9692532BEE0001BAC53 /* alarm.mp3 */; };
		D84BB96C2536554F001BAC53 /* UIView+pulsate.swift in Sources */ = {isa = PBXBuildFile; fileRef = D84BB96B2536554F001BAC53 /* UIView+pulsate.swift */; };
		D87C144B252E1648008B3871 /* AlarmVM.swift in Sources */ = {isa = PBXBuildFile; fileRef = D87C144A252E1648008B3871 /* AlarmVM.swift */; };
/* End PBXBuildFile section */

/* Begin PBXFileReference section */
		6A021C0725328ADB0052AB7C /* UIView+addStyling.swift */ = {isa = PBXFileReference; lastKnownFileType = sourcecode.swift; path = "UIView+addStyling.swift"; sourceTree = "<group>"; };
		6A021C0A25328B140052AB7C /* UIView+addSubviews.swift */ = {isa = PBXFileReference; lastKnownFileType = sourcecode.swift; path = "UIView+addSubviews.swift"; sourceTree = "<group>"; };
		6A021C0E25328B400052AB7C /* UILabel+style.swift */ = {isa = PBXFileReference; lastKnownFileType = sourcecode.swift; path = "UILabel+style.swift"; sourceTree = "<group>"; };
		6A021C1125328BBA0052AB7C /* UITextField+style.swift */ = {isa = PBXFileReference; lastKnownFileType = sourcecode.swift; path = "UITextField+style.swift"; sourceTree = "<group>"; };
		6A021C1625328D230052AB7C /* UIButton+style.swift */ = {isa = PBXFileReference; lastKnownFileType = sourcecode.swift; path = "UIButton+style.swift"; sourceTree = "<group>"; };
		6A021C2E25329DB00052AB7C /* UITextView+style.swift */ = {isa = PBXFileReference; lastKnownFileType = sourcecode.swift; path = "UITextView+style.swift"; sourceTree = "<group>"; };
		6A021C31253337550052AB7C /* UIView+constrain.swift */ = {isa = PBXFileReference; lastKnownFileType = sourcecode.swift; path = "UIView+constrain.swift"; sourceTree = "<group>"; };
		6A2A76F82533B0950023000E /* UIColor+themeColors.swift */ = {isa = PBXFileReference; lastKnownFileType = sourcecode.swift; path = "UIColor+themeColors.swift"; sourceTree = "<group>"; };
		6A2A76FC2533B0AA0023000E /* UIFont+themeFonts.swift */ = {isa = PBXFileReference; lastKnownFileType = sourcecode.swift; path = "UIFont+themeFonts.swift"; sourceTree = "<group>"; };
		6A47C24D2542697800006E0E /* MainTabBarController.swift */ = {isa = PBXFileReference; lastKnownFileType = sourcecode.swift; path = MainTabBarController.swift; sourceTree = "<group>"; };
		B9083CFB253944C300DA4DE4 /* UIViewController+extension.swift */ = {isa = PBXFileReference; lastKnownFileType = sourcecode.swift; path = "UIViewController+extension.swift"; sourceTree = "<group>"; };
		D65A2AF5242A4F3E00E3326E /* Dream Studio.app */ = {isa = PBXFileReference; explicitFileType = wrapper.application; includeInIndex = 0; path = "Dream Studio.app"; sourceTree = BUILT_PRODUCTS_DIR; };
		D65A2AF8242A4F3E00E3326E /* AppDelegate.swift */ = {isa = PBXFileReference; lastKnownFileType = sourcecode.swift; path = AppDelegate.swift; sourceTree = "<group>"; };
		D65A2AFA242A4F3E00E3326E /* SceneDelegate.swift */ = {isa = PBXFileReference; lastKnownFileType = sourcecode.swift; path = SceneDelegate.swift; sourceTree = "<group>"; };
		D65A2AFC242A4F3E00E3326E /* RecordDreamViewController.swift */ = {isa = PBXFileReference; lastKnownFileType = sourcecode.swift; path = RecordDreamViewController.swift; sourceTree = "<group>"; };
		D65A2AFF242A4F3E00E3326E /* Base */ = {isa = PBXFileReference; lastKnownFileType = file.storyboard; name = Base; path = Base.lproj/RecordDream.storyboard; sourceTree = "<group>"; };
		D65A2B01242A4F4400E3326E /* Assets.xcassets */ = {isa = PBXFileReference; lastKnownFileType = folder.assetcatalog; path = Assets.xcassets; sourceTree = "<group>"; };
		D65A2B04242A4F4400E3326E /* Base */ = {isa = PBXFileReference; lastKnownFileType = file.storyboard; name = Base; path = Base.lproj/LaunchScreen.storyboard; sourceTree = "<group>"; };
		D65A2B06242A4F4400E3326E /* Info.plist */ = {isa = PBXFileReference; lastKnownFileType = text.plist.xml; path = Info.plist; sourceTree = "<group>"; };
		D670180D246B91C80029FE3F /* EditAndReplayDreamViewController.swift */ = {isa = PBXFileReference; lastKnownFileType = sourcecode.swift; path = EditAndReplayDreamViewController.swift; sourceTree = "<group>"; };
		D670180F246C2A210029FE3F /* BorderedTextField.swift */ = {isa = PBXFileReference; lastKnownFileType = sourcecode.swift; path = BorderedTextField.swift; sourceTree = "<group>"; };
		D6701813246C558A0029FE3F /* AccessibleText.swift */ = {isa = PBXFileReference; lastKnownFileType = sourcecode.swift; path = AccessibleText.swift; sourceTree = "<group>"; };
		D69BC4B7246B46FB00C1CBA3 /* AudioRecorderHelperUIDelegate.swift */ = {isa = PBXFileReference; lastKnownFileType = sourcecode.swift; path = AudioRecorderHelperUIDelegate.swift; sourceTree = "<group>"; };
		D69BC4B9246B471300C1CBA3 /* AudioRecorderStartingError.swift */ = {isa = PBXFileReference; lastKnownFileType = sourcecode.swift; path = AudioRecorderStartingError.swift; sourceTree = "<group>"; };
		D69BC4BC246B498B00C1CBA3 /* Logger.swift */ = {isa = PBXFileReference; lastKnownFileType = sourcecode.swift; path = Logger.swift; sourceTree = "<group>"; };
		D69BC4BE246B4F4000C1CBA3 /* AudioRecorderHelperErrorDelegate.swift */ = {isa = PBXFileReference; lastKnownFileType = sourcecode.swift; path = AudioRecorderHelperErrorDelegate.swift; sourceTree = "<group>"; };
		D69BC4C0246B5F8400C1CBA3 /* DreamRecorderErrorDelegate.swift */ = {isa = PBXFileReference; lastKnownFileType = sourcecode.swift; path = DreamRecorderErrorDelegate.swift; sourceTree = "<group>"; };
		D69BC4C2246B69A700C1CBA3 /* RecordDreamView.swift */ = {isa = PBXFileReference; lastKnownFileType = sourcecode.swift; path = RecordDreamView.swift; sourceTree = "<group>"; };
		D6BA52F42469DE8C00166A7B /* AudioRecorderHelper.swift */ = {isa = PBXFileReference; lastKnownFileType = sourcecode.swift; path = AudioRecorderHelper.swift; sourceTree = "<group>"; };
		D6D1A736246ADAA800119418 /* CustomStringInterpolation.swift */ = {isa = PBXFileReference; lastKnownFileType = sourcecode.swift; path = CustomStringInterpolation.swift; sourceTree = "<group>"; };
		D6D27CDB2468625F00B7AF8F /* RoundedViews.swift */ = {isa = PBXFileReference; lastKnownFileType = sourcecode.swift; path = RoundedViews.swift; sourceTree = "<group>"; };
		D6D76293246DFC5E00EF2E17 /* MultilineTextField.swift */ = {isa = PBXFileReference; lastKnownFileType = sourcecode.swift; path = MultilineTextField.swift; sourceTree = "<group>"; };
		D6D76295246EF80800EF2E17 /* EditAndReplayDreamView.swift */ = {isa = PBXFileReference; lastKnownFileType = sourcecode.swift; path = EditAndReplayDreamView.swift; sourceTree = "<group>"; };
		D6D7629B246F5B3600EF2E17 /* UIView+IBBorder.swift */ = {isa = PBXFileReference; lastKnownFileType = sourcecode.swift; path = "UIView+IBBorder.swift"; sourceTree = "<group>"; };
		D6D7629D24703AB800EF2E17 /* UITextView+EdgeInsets.swift */ = {isa = PBXFileReference; lastKnownFileType = sourcecode.swift; path = "UITextView+EdgeInsets.swift"; sourceTree = "<group>"; };
		D6D762A22471C53700EF2E17 /* AudioPlayerHelper.swift */ = {isa = PBXFileReference; lastKnownFileType = sourcecode.swift; path = AudioPlayerHelper.swift; sourceTree = "<group>"; };
		D6D762A42472E55900EF2E17 /* AudioPlayerHelperUIDelegate.swift */ = {isa = PBXFileReference; lastKnownFileType = sourcecode.swift; path = AudioPlayerHelperUIDelegate.swift; sourceTree = "<group>"; };
		D6D762A82472E76F00EF2E17 /* AudioPlayerHelperErrorDelegate.swift */ = {isa = PBXFileReference; lastKnownFileType = sourcecode.swift; path = AudioPlayerHelperErrorDelegate.swift; sourceTree = "<group>"; };
		D6D762AA2472EFD800EF2E17 /* DreamPlayerErrorDelegate.swift */ = {isa = PBXFileReference; lastKnownFileType = sourcecode.swift; path = DreamPlayerErrorDelegate.swift; sourceTree = "<group>"; };
		D6D762AC247339E000EF2E17 /* EditAndReplayDream.storyboard */ = {isa = PBXFileReference; lastKnownFileType = file.storyboard; path = EditAndReplayDream.storyboard; sourceTree = "<group>"; };
		D6D762AE24733AEE00EF2E17 /* Main.storyboard */ = {isa = PBXFileReference; lastKnownFileType = file.storyboard; path = Main.storyboard; sourceTree = "<group>"; };
		D6D762B124733CF500EF2E17 /* DreamWall.storyboard */ = {isa = PBXFileReference; lastKnownFileType = file.storyboard; path = DreamWall.storyboard; sourceTree = "<group>"; };
		D6EBEB01246C760100CC227C /* MonoDigitLabel.swift */ = {isa = PBXFileReference; lastKnownFileType = sourcecode.swift; path = MonoDigitLabel.swift; sourceTree = "<group>"; };
		D6EBEB03246C79B500CC227C /* UIViewController+presentAlert.swift */ = {isa = PBXFileReference; lastKnownFileType = sourcecode.swift; path = "UIViewController+presentAlert.swift"; sourceTree = "<group>"; };
		D6F49EC42476CDF20037F755 /* SpeechToTextHelper.swift */ = {isa = PBXFileReference; lastKnownFileType = sourcecode.swift; path = SpeechToTextHelper.swift; sourceTree = "<group>"; };
		D841E891252B9863003B3456 /* AlarmViewController.swift */ = {isa = PBXFileReference; lastKnownFileType = sourcecode.swift; path = AlarmViewController.swift; sourceTree = "<group>"; };
		D841E893252BA023003B3456 /* AlarmTableViewCell.swift */ = {isa = PBXFileReference; lastKnownFileType = sourcecode.swift; path = AlarmTableViewCell.swift; sourceTree = "<group>"; };
		D841E895252BBBAD003B3456 /* SetAlarmViewController.swift */ = {isa = PBXFileReference; lastKnownFileType = sourcecode.swift; path = SetAlarmViewController.swift; sourceTree = "<group>"; };
		D841E897252CC883003B3456 /* Alarm.swift */ = {isa = PBXFileReference; lastKnownFileType = sourcecode.swift; path = Alarm.swift; sourceTree = "<group>"; };
		D841E89A252D1185003B3456 /* NotificationManager.swift */ = {isa = PBXFileReference; lastKnownFileType = sourcecode.swift; path = NotificationManager.swift; sourceTree = "<group>"; };
		D84A5891252A6527006FDE19 /* OnboardingViewController.swift */ = {isa = PBXFileReference; lastKnownFileType = sourcecode.swift; path = OnboardingViewController.swift; sourceTree = "<group>"; };
		D84BB95B252EB625001BAC53 /* Dream.swift */ = {isa = PBXFileReference; lastKnownFileType = sourcecode.swift; path = Dream.swift; sourceTree = "<group>"; };
		D84BB95D252F8E69001BAC53 /* DreamWallViewController.swift */ = {isa = PBXFileReference; lastKnownFileType = sourcecode.swift; path = DreamWallViewController.swift; sourceTree = "<group>"; };
		D84BB961252F8EE8001BAC53 /* DreamTableViewCell.swift */ = {isa = PBXFileReference; lastKnownFileType = sourcecode.swift; path = DreamTableViewCell.swift; sourceTree = "<group>"; };
		D84BB967253295DC001BAC53 /* DreamVM.swift */ = {isa = PBXFileReference; lastKnownFileType = sourcecode.swift; path = DreamVM.swift; sourceTree = "<group>"; };
		D84BB9692532BEE0001BAC53 /* alarm.mp3 */ = {isa = PBXFileReference; lastKnownFileType = audio.mp3; path = alarm.mp3; sourceTree = "<group>"; };
		D84BB96B2536554F001BAC53 /* UIView+pulsate.swift */ = {isa = PBXFileReference; lastKnownFileType = sourcecode.swift; path = "UIView+pulsate.swift"; sourceTree = "<group>"; };
		D87C144A252E1648008B3871 /* AlarmVM.swift */ = {isa = PBXFileReference; lastKnownFileType = sourcecode.swift; path = AlarmVM.swift; sourceTree = "<group>"; };
/* End PBXFileReference section */

/* Begin PBXFrameworksBuildPhase section */
		D65A2AF2242A4F3E00E3326E /* Frameworks */ = {
			isa = PBXFrameworksBuildPhase;
			buildActionMask = 2147483647;
			files = (
			);
			runOnlyForDeploymentPostprocessing = 0;
		};
/* End PBXFrameworksBuildPhase section */

/* Begin PBXGroup section */
		6A021C3725339DCA0052AB7C /* Styling */ = {
			isa = PBXGroup;
			children = (
				6A021C0725328ADB0052AB7C /* UIView+addStyling.swift */,
				6A021C0E25328B400052AB7C /* UILabel+style.swift */,
				6A021C1125328BBA0052AB7C /* UITextField+style.swift */,
				6A021C2E25329DB00052AB7C /* UITextView+style.swift */,
				6A021C1625328D230052AB7C /* UIButton+style.swift */,
				6A2A76F82533B0950023000E /* UIColor+themeColors.swift */,
				6A2A76FC2533B0AA0023000E /* UIFont+themeFonts.swift */,
			);
			path = Styling;
			sourceTree = "<group>";
		};
		D65A2AEC242A4F3E00E3326E = {
			isa = PBXGroup;
			children = (
				D65A2AF7242A4F3E00E3326E /* Dream App */,
				D65A2AF6242A4F3E00E3326E /* Products */,
			);
			sourceTree = "<group>";
		};
		D65A2AF6242A4F3E00E3326E /* Products */ = {
			isa = PBXGroup;
			children = (
				D65A2AF5242A4F3E00E3326E /* Dream Studio.app */,
			);
			name = Products;
			sourceTree = "<group>";
		};
		D65A2AF7242A4F3E00E3326E /* Dream App */ = {
			isa = PBXGroup;
			children = (
				D84BB9692532BEE0001BAC53 /* alarm.mp3 */,
				D65A2AF8242A4F3E00E3326E /* AppDelegate.swift */,
				D65A2AFA242A4F3E00E3326E /* SceneDelegate.swift */,
				D84A5891252A6527006FDE19 /* OnboardingViewController.swift */,
				D6BA52F32469DE6A00166A7B /* Utils */,
				D84BB95A252EB608001BAC53 /* Dream */,
				D6D762B024733B8500EF2E17 /* Dream Wall */,
				D69BC4C4246B69C100C1CBA3 /* New Dream */,
				D841E890252B983E003B3456 /* Alarm */,
				D6D762AE24733AEE00EF2E17 /* Main.storyboard */,
				6A47C24D2542697800006E0E /* MainTabBarController.swift */,
				D65A2B01242A4F4400E3326E /* Assets.xcassets */,
				D65A2B03242A4F4400E3326E /* LaunchScreen.storyboard */,
				D65A2B06242A4F4400E3326E /* Info.plist */,
			);
			path = "Dream App";
			sourceTree = "<group>";
		};
		D6701811246C51BB0029FE3F /* Record */ = {
			isa = PBXGroup;
			children = (
				D65A2AFC242A4F3E00E3326E /* RecordDreamViewController.swift */,
				D69BC4C2246B69A700C1CBA3 /* RecordDreamView.swift */,
				D69BC4C0246B5F8400C1CBA3 /* DreamRecorderErrorDelegate.swift */,
				D65A2AFE242A4F3E00E3326E /* RecordDream.storyboard */,
			);
			path = Record;
			sourceTree = "<group>";
		};
		D6701812246C51C50029FE3F /* Edit and Replay */ = {
			isa = PBXGroup;
			children = (
				D670180D246B91C80029FE3F /* EditAndReplayDreamViewController.swift */,
				D6D762AA2472EFD800EF2E17 /* DreamPlayerErrorDelegate.swift */,
				D6D76295246EF80800EF2E17 /* EditAndReplayDreamView.swift */,
				D6D762AC247339E000EF2E17 /* EditAndReplayDream.storyboard */,
			);
			path = "Edit and Replay";
			sourceTree = "<group>";
		};
		D69BC4B6246B46C400C1CBA3 /* Audio */ = {
			isa = PBXGroup;
			children = (
				D6F49EC42476CDF20037F755 /* SpeechToTextHelper.swift */,
				D6D762A12471C52100EF2E17 /* Player */,
				D6D762A02471C51B00EF2E17 /* Recorder */,
			);
			path = Audio;
			sourceTree = "<group>";
		};
		D69BC4BB246B497E00C1CBA3 /* Logger */ = {
			isa = PBXGroup;
			children = (
				D69BC4BC246B498B00C1CBA3 /* Logger.swift */,
			);
			path = Logger;
			sourceTree = "<group>";
		};
		D69BC4C4246B69C100C1CBA3 /* New Dream */ = {
			isa = PBXGroup;
			children = (
				D6701811246C51BB0029FE3F /* Record */,
				D6701812246C51C50029FE3F /* Edit and Replay */,
			);
			path = "New Dream";
			sourceTree = "<group>";
		};
		D6BA52F32469DE6A00166A7B /* Utils */ = {
			isa = PBXGroup;
			children = (
				D841E89A252D1185003B3456 /* NotificationManager.swift */,
				D6D1A736246ADAA800119418 /* CustomStringInterpolation.swift */,
				D69BC4BB246B497E00C1CBA3 /* Logger */,
				D69BC4B6246B46C400C1CBA3 /* Audio */,
				D6D27CD824685FC000B7AF8F /* UI */,
			);
			path = Utils;
			sourceTree = "<group>";
		};
		D6D27CD824685FC000B7AF8F /* UI */ = {
			isa = PBXGroup;
			children = (
				D6D27CDB2468625F00B7AF8F /* RoundedViews.swift */,
				D670180F246C2A210029FE3F /* BorderedTextField.swift */,
				D6701813246C558A0029FE3F /* AccessibleText.swift */,
				D6EBEB01246C760100CC227C /* MonoDigitLabel.swift */,
				D6D76293246DFC5E00EF2E17 /* MultilineTextField.swift */,
				D6D7629F2471C4C000EF2E17 /* Extensions */,
			);
			path = UI;
			sourceTree = "<group>";
		};
		D6D7629F2471C4C000EF2E17 /* Extensions */ = {
			isa = PBXGroup;
			children = (
				6A021C3725339DCA0052AB7C /* Styling */,
				6A021C0A25328B140052AB7C /* UIView+addSubviews.swift */,
				D84BB96B2536554F001BAC53 /* UIView+pulsate.swift */,
				6A021C31253337550052AB7C /* UIView+constrain.swift */,
				D6EBEB03246C79B500CC227C /* UIViewController+presentAlert.swift */,
				D6D7629B246F5B3600EF2E17 /* UIView+IBBorder.swift */,
				D6D7629D24703AB800EF2E17 /* UITextView+EdgeInsets.swift */,
				B9083CFB253944C300DA4DE4 /* UIViewController+extension.swift */,
			);
			path = Extensions;
			sourceTree = "<group>";
		};
		D6D762A02471C51B00EF2E17 /* Recorder */ = {
			isa = PBXGroup;
			children = (
				D6BA52F42469DE8C00166A7B /* AudioRecorderHelper.swift */,
				D69BC4B7246B46FB00C1CBA3 /* AudioRecorderHelperUIDelegate.swift */,
				D69BC4BE246B4F4000C1CBA3 /* AudioRecorderHelperErrorDelegate.swift */,
				D69BC4B9246B471300C1CBA3 /* AudioRecorderStartingError.swift */,
			);
			path = Recorder;
			sourceTree = "<group>";
		};
		D6D762A12471C52100EF2E17 /* Player */ = {
			isa = PBXGroup;
			children = (
				D6D762A22471C53700EF2E17 /* AudioPlayerHelper.swift */,
				D6D762A42472E55900EF2E17 /* AudioPlayerHelperUIDelegate.swift */,
				D6D762A82472E76F00EF2E17 /* AudioPlayerHelperErrorDelegate.swift */,
			);
			path = Player;
			sourceTree = "<group>";
		};
		D6D762B024733B8500EF2E17 /* Dream Wall */ = {
			isa = PBXGroup;
			children = (
				D6D762B124733CF500EF2E17 /* DreamWall.storyboard */,
				D84BB963252F8EF1001BAC53 /* Views */,
				D84BB964252F8EFE001BAC53 /* TableViewCell */,
			);
			path = "Dream Wall";
			sourceTree = "<group>";
		};
		D841E890252B983E003B3456 /* Alarm */ = {
			isa = PBXGroup;
			children = (
				D87C1449252E15F9008B3871 /* ViewControllers */,
				D87C1448252E15E5008B3871 /* CustomCell */,
				D87C1447252E15CE008B3871 /* ViewModel */,
				D87C1446252E15BC008B3871 /* Model */,
			);
			path = Alarm;
			sourceTree = "<group>";
		};
		D84BB95A252EB608001BAC53 /* Dream */ = {
			isa = PBXGroup;
			children = (
				D84BB95B252EB625001BAC53 /* Dream.swift */,
				D84BB967253295DC001BAC53 /* DreamVM.swift */,
			);
			path = Dream;
			sourceTree = "<group>";
		};
		D84BB963252F8EF1001BAC53 /* Views */ = {
			isa = PBXGroup;
			children = (
				D84BB95D252F8E69001BAC53 /* DreamWallViewController.swift */,
			);
			path = Views;
			sourceTree = "<group>";
		};
		D84BB964252F8EFE001BAC53 /* TableViewCell */ = {
			isa = PBXGroup;
			children = (
				D84BB961252F8EE8001BAC53 /* DreamTableViewCell.swift */,
			);
			path = TableViewCell;
			sourceTree = "<group>";
		};
		D87C1446252E15BC008B3871 /* Model */ = {
			isa = PBXGroup;
			children = (
				D841E897252CC883003B3456 /* Alarm.swift */,
			);
			path = Model;
			sourceTree = "<group>";
		};
		D87C1447252E15CE008B3871 /* ViewModel */ = {
			isa = PBXGroup;
			children = (
				D87C144A252E1648008B3871 /* AlarmVM.swift */,
			);
			path = ViewModel;
			sourceTree = "<group>";
		};
		D87C1448252E15E5008B3871 /* CustomCell */ = {
			isa = PBXGroup;
			children = (
				D841E893252BA023003B3456 /* AlarmTableViewCell.swift */,
			);
			path = CustomCell;
			sourceTree = "<group>";
		};
		D87C1449252E15F9008B3871 /* ViewControllers */ = {
			isa = PBXGroup;
			children = (
				D841E891252B9863003B3456 /* AlarmViewController.swift */,
				D841E895252BBBAD003B3456 /* SetAlarmViewController.swift */,
			);
			path = ViewControllers;
			sourceTree = "<group>";
		};
/* End PBXGroup section */

/* Begin PBXNativeTarget section */
		D65A2AF4242A4F3E00E3326E /* Dream Studio */ = {
			isa = PBXNativeTarget;
			buildConfigurationList = D65A2B09242A4F4400E3326E /* Build configuration list for PBXNativeTarget "Dream Studio" */;
			buildPhases = (
				D65A2AF1242A4F3E00E3326E /* Sources */,
				D65A2AF2242A4F3E00E3326E /* Frameworks */,
				D65A2AF3242A4F3E00E3326E /* Resources */,
			);
			buildRules = (
			);
			dependencies = (
			);
			name = "Dream Studio";
			productName = "Dream App";
			productReference = D65A2AF5242A4F3E00E3326E /* Dream Studio.app */;
			productType = "com.apple.product-type.application";
		};
/* End PBXNativeTarget section */

/* Begin PBXProject section */
		D65A2AED242A4F3E00E3326E /* Project object */ = {
			isa = PBXProject;
			attributes = {
				LastSwiftUpdateCheck = 1130;
				LastUpgradeCheck = 1210;
				ORGANIZATIONNAME = "Samantha Gatt";
				TargetAttributes = {
					D65A2AF4242A4F3E00E3326E = {
						CreatedOnToolsVersion = 11.3.1;
					};
				};
			};
			buildConfigurationList = D65A2AF0242A4F3E00E3326E /* Build configuration list for PBXProject "Dream Studio" */;
			compatibilityVersion = "Xcode 9.3";
			developmentRegion = en;
			hasScannedForEncodings = 0;
			knownRegions = (
				en,
				Base,
			);
			mainGroup = D65A2AEC242A4F3E00E3326E;
			productRefGroup = D65A2AF6242A4F3E00E3326E /* Products */;
			projectDirPath = "";
			projectRoot = "";
			targets = (
				D65A2AF4242A4F3E00E3326E /* Dream Studio */,
			);
		};
/* End PBXProject section */

/* Begin PBXResourcesBuildPhase section */
		D65A2AF3242A4F3E00E3326E /* Resources */ = {
			isa = PBXResourcesBuildPhase;
			buildActionMask = 2147483647;
			files = (
				D65A2B05242A4F4400E3326E /* LaunchScreen.storyboard in Resources */,
				D6D762AF24733AEE00EF2E17 /* Main.storyboard in Resources */,
				D6D762AD247339E000EF2E17 /* EditAndReplayDream.storyboard in Resources */,
				D65A2B02242A4F4400E3326E /* Assets.xcassets in Resources */,
				D6D762B224733CF500EF2E17 /* DreamWall.storyboard in Resources */,
				D84BB96A2532BEE0001BAC53 /* alarm.mp3 in Resources */,
				D65A2B00242A4F3E00E3326E /* RecordDream.storyboard in Resources */,
			);
			runOnlyForDeploymentPostprocessing = 0;
		};
/* End PBXResourcesBuildPhase section */

/* Begin PBXSourcesBuildPhase section */
		D65A2AF1242A4F3E00E3326E /* Sources */ = {
			isa = PBXSourcesBuildPhase;
			buildActionMask = 2147483647;
			files = (
				6A021C0B25328B140052AB7C /* UIView+addSubviews.swift in Sources */,
				D6F49EC52476CDF20037F755 /* SpeechToTextHelper.swift in Sources */,
				6A021C0825328ADB0052AB7C /* UIView+addStyling.swift in Sources */,
				D6D27CDC2468625F00B7AF8F /* RoundedViews.swift in Sources */,
				D6D762AB2472EFD800EF2E17 /* DreamPlayerErrorDelegate.swift in Sources */,
				D6701810246C2A210029FE3F /* BorderedTextField.swift in Sources */,
				D841E894252BA023003B3456 /* AlarmTableViewCell.swift in Sources */,
				D69BC4B8246B46FB00C1CBA3 /* AudioRecorderHelperUIDelegate.swift in Sources */,
				D84BB96C2536554F001BAC53 /* UIView+pulsate.swift in Sources */,
				D69BC4C1246B5F8400C1CBA3 /* DreamRecorderErrorDelegate.swift in Sources */,
				6A47C24E2542697800006E0E /* MainTabBarController.swift in Sources */,
				D6701814246C558A0029FE3F /* AccessibleText.swift in Sources */,
				D6D7629E24703AB800EF2E17 /* UITextView+EdgeInsets.swift in Sources */,
				D69BC4BA246B471300C1CBA3 /* AudioRecorderStartingError.swift in Sources */,
				D6D762A32471C53700EF2E17 /* AudioPlayerHelper.swift in Sources */,
				D84BB968253295DC001BAC53 /* DreamVM.swift in Sources */,
				6A2A76FD2533B0AA0023000E /* UIFont+themeFonts.swift in Sources */,
				D841E892252B9863003B3456 /* AlarmViewController.swift in Sources */,
				D84A5892252A6527006FDE19 /* OnboardingViewController.swift in Sources */,
				D87C144B252E1648008B3871 /* AlarmVM.swift in Sources */,
				D65A2AFD242A4F3E00E3326E /* RecordDreamViewController.swift in Sources */,
				6A021C0F25328B400052AB7C /* UILabel+style.swift in Sources */,
				D841E89B252D1185003B3456 /* NotificationManager.swift in Sources */,
				6A021C32253337550052AB7C /* UIView+constrain.swift in Sources */,
				D69BC4BD246B498B00C1CBA3 /* Logger.swift in Sources */,
				D6D76296246EF80800EF2E17 /* EditAndReplayDreamView.swift in Sources */,
				D6BA52F52469DE8C00166A7B /* AudioRecorderHelper.swift in Sources */,
				D84BB95E252F8E69001BAC53 /* DreamWallViewController.swift in Sources */,
				6A021C1725328D230052AB7C /* UIButton+style.swift in Sources */,
				6A2A76F92533B0950023000E /* UIColor+themeColors.swift in Sources */,
				B9083CFC253944C300DA4DE4 /* UIViewController+extension.swift in Sources */,
				6A021C1225328BBA0052AB7C /* UITextField+style.swift in Sources */,
				D670180E246B91C80029FE3F /* EditAndReplayDreamViewController.swift in Sources */,
				D84BB962252F8EE8001BAC53 /* DreamTableViewCell.swift in Sources */,
				D841E898252CC883003B3456 /* Alarm.swift in Sources */,
				D69BC4C3246B69A700C1CBA3 /* RecordDreamView.swift in Sources */,
				D6D7629C246F5B3600EF2E17 /* UIView+IBBorder.swift in Sources */,
				D6D1A737246ADAA800119418 /* CustomStringInterpolation.swift in Sources */,
				D6EBEB04246C79B500CC227C /* UIViewController+presentAlert.swift in Sources */,
				D841E896252BBBAD003B3456 /* SetAlarmViewController.swift in Sources */,
				D6D762A92472E76F00EF2E17 /* AudioPlayerHelperErrorDelegate.swift in Sources */,
				D84BB95C252EB625001BAC53 /* Dream.swift in Sources */,
				D65A2AF9242A4F3E00E3326E /* AppDelegate.swift in Sources */,
				D69BC4BF246B4F4000C1CBA3 /* AudioRecorderHelperErrorDelegate.swift in Sources */,
				D6D762A52472E55900EF2E17 /* AudioPlayerHelperUIDelegate.swift in Sources */,
				D6D76294246DFC5E00EF2E17 /* MultilineTextField.swift in Sources */,
				D6EBEB02246C760100CC227C /* MonoDigitLabel.swift in Sources */,
				D65A2AFB242A4F3E00E3326E /* SceneDelegate.swift in Sources */,
				6A021C2F25329DB00052AB7C /* UITextView+style.swift in Sources */,
			);
			runOnlyForDeploymentPostprocessing = 0;
		};
/* End PBXSourcesBuildPhase section */

/* Begin PBXVariantGroup section */
		D65A2AFE242A4F3E00E3326E /* RecordDream.storyboard */ = {
			isa = PBXVariantGroup;
			children = (
				D65A2AFF242A4F3E00E3326E /* Base */,
			);
			name = RecordDream.storyboard;
			sourceTree = "<group>";
		};
		D65A2B03242A4F4400E3326E /* LaunchScreen.storyboard */ = {
			isa = PBXVariantGroup;
			children = (
				D65A2B04242A4F4400E3326E /* Base */,
			);
			name = LaunchScreen.storyboard;
			sourceTree = "<group>";
		};
/* End PBXVariantGroup section */

/* Begin XCBuildConfiguration section */
		D65A2B07242A4F4400E3326E /* Debug */ = {
			isa = XCBuildConfiguration;
			buildSettings = {
				ALWAYS_SEARCH_USER_PATHS = NO;
				CLANG_ANALYZER_NONNULL = YES;
				CLANG_ANALYZER_NUMBER_OBJECT_CONVERSION = YES_AGGRESSIVE;
				CLANG_CXX_LANGUAGE_STANDARD = "gnu++14";
				CLANG_CXX_LIBRARY = "libc++";
				CLANG_ENABLE_MODULES = YES;
				CLANG_ENABLE_OBJC_ARC = YES;
				CLANG_ENABLE_OBJC_WEAK = YES;
				CLANG_WARN_BLOCK_CAPTURE_AUTORELEASING = YES;
				CLANG_WARN_BOOL_CONVERSION = YES;
				CLANG_WARN_COMMA = YES;
				CLANG_WARN_CONSTANT_CONVERSION = YES;
				CLANG_WARN_DEPRECATED_OBJC_IMPLEMENTATIONS = YES;
				CLANG_WARN_DIRECT_OBJC_ISA_USAGE = YES_ERROR;
				CLANG_WARN_DOCUMENTATION_COMMENTS = YES;
				CLANG_WARN_EMPTY_BODY = YES;
				CLANG_WARN_ENUM_CONVERSION = YES;
				CLANG_WARN_INFINITE_RECURSION = YES;
				CLANG_WARN_INT_CONVERSION = YES;
				CLANG_WARN_NON_LITERAL_NULL_CONVERSION = YES;
				CLANG_WARN_OBJC_IMPLICIT_RETAIN_SELF = YES;
				CLANG_WARN_OBJC_LITERAL_CONVERSION = YES;
				CLANG_WARN_OBJC_ROOT_CLASS = YES_ERROR;
				CLANG_WARN_QUOTED_INCLUDE_IN_FRAMEWORK_HEADER = YES;
				CLANG_WARN_RANGE_LOOP_ANALYSIS = YES;
				CLANG_WARN_STRICT_PROTOTYPES = YES;
				CLANG_WARN_SUSPICIOUS_MOVE = YES;
				CLANG_WARN_UNGUARDED_AVAILABILITY = YES_AGGRESSIVE;
				CLANG_WARN_UNREACHABLE_CODE = YES;
				CLANG_WARN__DUPLICATE_METHOD_MATCH = YES;
				COPY_PHASE_STRIP = NO;
				DEBUG_INFORMATION_FORMAT = dwarf;
				ENABLE_STRICT_OBJC_MSGSEND = YES;
				ENABLE_TESTABILITY = YES;
				GCC_C_LANGUAGE_STANDARD = gnu11;
				GCC_DYNAMIC_NO_PIC = NO;
				GCC_NO_COMMON_BLOCKS = YES;
				GCC_OPTIMIZATION_LEVEL = 0;
				GCC_PREPROCESSOR_DEFINITIONS = (
					"DEBUG=1",
					"$(inherited)",
				);
				GCC_WARN_64_TO_32_BIT_CONVERSION = YES;
				GCC_WARN_ABOUT_RETURN_TYPE = YES_ERROR;
				GCC_WARN_UNDECLARED_SELECTOR = YES;
				GCC_WARN_UNINITIALIZED_AUTOS = YES_AGGRESSIVE;
				GCC_WARN_UNUSED_FUNCTION = YES;
				GCC_WARN_UNUSED_VARIABLE = YES;
				IPHONEOS_DEPLOYMENT_TARGET = 13.2;
				MTL_ENABLE_DEBUG_INFO = INCLUDE_SOURCE;
				MTL_FAST_MATH = YES;
				ONLY_ACTIVE_ARCH = YES;
				SDKROOT = iphoneos;
				SWIFT_ACTIVE_COMPILATION_CONDITIONS = DEBUG;
				SWIFT_OPTIMIZATION_LEVEL = "-Onone";
			};
			name = Debug;
		};
		D65A2B08242A4F4400E3326E /* Release */ = {
			isa = XCBuildConfiguration;
			buildSettings = {
				ALWAYS_SEARCH_USER_PATHS = NO;
				CLANG_ANALYZER_NONNULL = YES;
				CLANG_ANALYZER_NUMBER_OBJECT_CONVERSION = YES_AGGRESSIVE;
				CLANG_CXX_LANGUAGE_STANDARD = "gnu++14";
				CLANG_CXX_LIBRARY = "libc++";
				CLANG_ENABLE_MODULES = YES;
				CLANG_ENABLE_OBJC_ARC = YES;
				CLANG_ENABLE_OBJC_WEAK = YES;
				CLANG_WARN_BLOCK_CAPTURE_AUTORELEASING = YES;
				CLANG_WARN_BOOL_CONVERSION = YES;
				CLANG_WARN_COMMA = YES;
				CLANG_WARN_CONSTANT_CONVERSION = YES;
				CLANG_WARN_DEPRECATED_OBJC_IMPLEMENTATIONS = YES;
				CLANG_WARN_DIRECT_OBJC_ISA_USAGE = YES_ERROR;
				CLANG_WARN_DOCUMENTATION_COMMENTS = YES;
				CLANG_WARN_EMPTY_BODY = YES;
				CLANG_WARN_ENUM_CONVERSION = YES;
				CLANG_WARN_INFINITE_RECURSION = YES;
				CLANG_WARN_INT_CONVERSION = YES;
				CLANG_WARN_NON_LITERAL_NULL_CONVERSION = YES;
				CLANG_WARN_OBJC_IMPLICIT_RETAIN_SELF = YES;
				CLANG_WARN_OBJC_LITERAL_CONVERSION = YES;
				CLANG_WARN_OBJC_ROOT_CLASS = YES_ERROR;
				CLANG_WARN_QUOTED_INCLUDE_IN_FRAMEWORK_HEADER = YES;
				CLANG_WARN_RANGE_LOOP_ANALYSIS = YES;
				CLANG_WARN_STRICT_PROTOTYPES = YES;
				CLANG_WARN_SUSPICIOUS_MOVE = YES;
				CLANG_WARN_UNGUARDED_AVAILABILITY = YES_AGGRESSIVE;
				CLANG_WARN_UNREACHABLE_CODE = YES;
				CLANG_WARN__DUPLICATE_METHOD_MATCH = YES;
				COPY_PHASE_STRIP = NO;
				DEBUG_INFORMATION_FORMAT = "dwarf-with-dsym";
				ENABLE_NS_ASSERTIONS = NO;
				ENABLE_STRICT_OBJC_MSGSEND = YES;
				GCC_C_LANGUAGE_STANDARD = gnu11;
				GCC_NO_COMMON_BLOCKS = YES;
				GCC_WARN_64_TO_32_BIT_CONVERSION = YES;
				GCC_WARN_ABOUT_RETURN_TYPE = YES_ERROR;
				GCC_WARN_UNDECLARED_SELECTOR = YES;
				GCC_WARN_UNINITIALIZED_AUTOS = YES_AGGRESSIVE;
				GCC_WARN_UNUSED_FUNCTION = YES;
				GCC_WARN_UNUSED_VARIABLE = YES;
				IPHONEOS_DEPLOYMENT_TARGET = 13.2;
				MTL_ENABLE_DEBUG_INFO = NO;
				MTL_FAST_MATH = YES;
				SDKROOT = iphoneos;
				SWIFT_COMPILATION_MODE = wholemodule;
				SWIFT_OPTIMIZATION_LEVEL = "-O";
				VALIDATE_PRODUCT = YES;
			};
			name = Release;
		};
		D65A2B0A242A4F4400E3326E /* Debug */ = {
			isa = XCBuildConfiguration;
			buildSettings = {
				ASSETCATALOG_COMPILER_APPICON_NAME = "AppIcon-2";
				CODE_SIGN_STYLE = Automatic;
				CURRENT_PROJECT_VERSION = 1.2;
				DEVELOPMENT_TEAM = K3LN6LR5X2;
				INFOPLIST_FILE = "Dream App/Info.plist";
				LD_RUNPATH_SEARCH_PATHS = (
					"$(inherited)",
					"@executable_path/Frameworks",
				);
				MARKETING_VERSION = 1.2;
				PRODUCT_BUNDLE_IDENTIFIER = "com.pereztech.Dream-App";
				PRODUCT_NAME = "$(TARGET_NAME)";
				SWIFT_VERSION = 5.0;
				TARGETED_DEVICE_FAMILY = "1,2";
			};
			name = Debug;
		};
		D65A2B0B242A4F4400E3326E /* Release */ = {
			isa = XCBuildConfiguration;
			buildSettings = {
				ASSETCATALOG_COMPILER_APPICON_NAME = "AppIcon-2";
				CODE_SIGN_STYLE = Automatic;
				CURRENT_PROJECT_VERSION = 1.2;
				DEVELOPMENT_TEAM = K3LN6LR5X2;
				INFOPLIST_FILE = "Dream App/Info.plist";
				LD_RUNPATH_SEARCH_PATHS = (
					"$(inherited)",
					"@executable_path/Frameworks",
				);
				MARKETING_VERSION = 1.2;
				PRODUCT_BUNDLE_IDENTIFIER = "com.pereztech.Dream-App";
				PRODUCT_NAME = "$(TARGET_NAME)";
				SWIFT_VERSION = 5.0;
				TARGETED_DEVICE_FAMILY = "1,2";
			};
			name = Release;
		};
/* End XCBuildConfiguration section */

/* Begin XCConfigurationList section */
		D65A2AF0242A4F3E00E3326E /* Build configuration list for PBXProject "Dream Studio" */ = {
			isa = XCConfigurationList;
			buildConfigurations = (
				D65A2B07242A4F4400E3326E /* Debug */,
				D65A2B08242A4F4400E3326E /* Release */,
			);
			defaultConfigurationIsVisible = 0;
			defaultConfigurationName = Release;
		};
		D65A2B09242A4F4400E3326E /* Build configuration list for PBXNativeTarget "Dream Studio" */ = {
			isa = XCConfigurationList;
			buildConfigurations = (
				D65A2B0A242A4F4400E3326E /* Debug */,
				D65A2B0B242A4F4400E3326E /* Release */,
			);
			defaultConfigurationIsVisible = 0;
			defaultConfigurationName = Release;
		};
/* End XCConfigurationList section */
	};
	rootObject = D65A2AED242A4F3E00E3326E /* Project object */;
}
