// !$*UTF8*$!
{
	archiveVersion = 1;
	classes = {
	};
	objectVersion = 50;
	objects = {

/* Begin PBXBuildFile section */
		D65A2AF9242A4F3E00E3326E /* AppDelegate.swift in Sources */ = {isa = PBXBuildFile; fileRef = D65A2AF8242A4F3E00E3326E /* AppDelegate.swift */; };
		D65A2AFB242A4F3E00E3326E /* SceneDelegate.swift in Sources */ = {isa = PBXBuildFile; fileRef = D65A2AFA242A4F3E00E3326E /* SceneDelegate.swift */; };
		D65A2AFD242A4F3E00E3326E /* RecordDreamViewController.swift in Sources */ = {isa = PBXBuildFile; fileRef = D65A2AFC242A4F3E00E3326E /* RecordDreamViewController.swift */; };
		D65A2B00242A4F3E00E3326E /* Main.storyboard in Resources */ = {isa = PBXBuildFile; fileRef = D65A2AFE242A4F3E00E3326E /* Main.storyboard */; };
		D65A2B02242A4F4400E3326E /* Assets.xcassets in Resources */ = {isa = PBXBuildFile; fileRef = D65A2B01242A4F4400E3326E /* Assets.xcassets */; };
		D65A2B05242A4F4400E3326E /* LaunchScreen.storyboard in Resources */ = {isa = PBXBuildFile; fileRef = D65A2B03242A4F4400E3326E /* LaunchScreen.storyboard */; };
		D6701808246B74920029FE3F /* RecordDreamViewDelegate.swift in Sources */ = {isa = PBXBuildFile; fileRef = D6701807246B74920029FE3F /* RecordDreamViewDelegate.swift */; };
		D670180E246B91C80029FE3F /* FinishNewDreamViewController.swift in Sources */ = {isa = PBXBuildFile; fileRef = D670180D246B91C80029FE3F /* FinishNewDreamViewController.swift */; };
		D6701810246C2A210029FE3F /* DreamTextField.swift in Sources */ = {isa = PBXBuildFile; fileRef = D670180F246C2A210029FE3F /* DreamTextField.swift */; };
		D69BC4B8246B46FB00C1CBA3 /* AudioRecorderHelperUIDelegate.swift in Sources */ = {isa = PBXBuildFile; fileRef = D69BC4B7246B46FB00C1CBA3 /* AudioRecorderHelperUIDelegate.swift */; };
		D69BC4BA246B471300C1CBA3 /* AudioRecorderStartingError.swift in Sources */ = {isa = PBXBuildFile; fileRef = D69BC4B9246B471300C1CBA3 /* AudioRecorderStartingError.swift */; };
		D69BC4BD246B498B00C1CBA3 /* Logger.swift in Sources */ = {isa = PBXBuildFile; fileRef = D69BC4BC246B498B00C1CBA3 /* Logger.swift */; };
		D69BC4BF246B4F4000C1CBA3 /* AudioRecorderHelperErrorDelegate.swift in Sources */ = {isa = PBXBuildFile; fileRef = D69BC4BE246B4F4000C1CBA3 /* AudioRecorderHelperErrorDelegate.swift */; };
		D69BC4C1246B5F8400C1CBA3 /* DreamRecorderErrorDelegate.swift in Sources */ = {isa = PBXBuildFile; fileRef = D69BC4C0246B5F8400C1CBA3 /* DreamRecorderErrorDelegate.swift */; };
		D69BC4C3246B69A700C1CBA3 /* RecordDreamView.swift in Sources */ = {isa = PBXBuildFile; fileRef = D69BC4C2246B69A700C1CBA3 /* RecordDreamView.swift */; };
		D6BA52F52469DE8C00166A7B /* AudioRecorderHelper.swift in Sources */ = {isa = PBXBuildFile; fileRef = D6BA52F42469DE8C00166A7B /* AudioRecorderHelper.swift */; };
		D6D1A737246ADAA800119418 /* CustomStringInterpolation.swift in Sources */ = {isa = PBXBuildFile; fileRef = D6D1A736246ADAA800119418 /* CustomStringInterpolation.swift */; };
		D6D27CDC2468625F00B7AF8F /* RoundedViews.swift in Sources */ = {isa = PBXBuildFile; fileRef = D6D27CDB2468625F00B7AF8F /* RoundedViews.swift */; };
/* End PBXBuildFile section */

/* Begin PBXFileReference section */
		D65A2AF5242A4F3E00E3326E /* Dream App.app */ = {isa = PBXFileReference; explicitFileType = wrapper.application; includeInIndex = 0; path = "Dream App.app"; sourceTree = BUILT_PRODUCTS_DIR; };
		D65A2AF8242A4F3E00E3326E /* AppDelegate.swift */ = {isa = PBXFileReference; lastKnownFileType = sourcecode.swift; path = AppDelegate.swift; sourceTree = "<group>"; };
		D65A2AFA242A4F3E00E3326E /* SceneDelegate.swift */ = {isa = PBXFileReference; lastKnownFileType = sourcecode.swift; path = SceneDelegate.swift; sourceTree = "<group>"; };
		D65A2AFC242A4F3E00E3326E /* RecordDreamViewController.swift */ = {isa = PBXFileReference; lastKnownFileType = sourcecode.swift; path = RecordDreamViewController.swift; sourceTree = "<group>"; };
		D65A2AFF242A4F3E00E3326E /* Base */ = {isa = PBXFileReference; lastKnownFileType = file.storyboard; name = Base; path = Base.lproj/Main.storyboard; sourceTree = "<group>"; };
		D65A2B01242A4F4400E3326E /* Assets.xcassets */ = {isa = PBXFileReference; lastKnownFileType = folder.assetcatalog; path = Assets.xcassets; sourceTree = "<group>"; };
		D65A2B04242A4F4400E3326E /* Base */ = {isa = PBXFileReference; lastKnownFileType = file.storyboard; name = Base; path = Base.lproj/LaunchScreen.storyboard; sourceTree = "<group>"; };
		D65A2B06242A4F4400E3326E /* Info.plist */ = {isa = PBXFileReference; lastKnownFileType = text.plist.xml; path = Info.plist; sourceTree = "<group>"; };
		D6701807246B74920029FE3F /* RecordDreamViewDelegate.swift */ = {isa = PBXFileReference; lastKnownFileType = sourcecode.swift; path = RecordDreamViewDelegate.swift; sourceTree = "<group>"; };
		D670180D246B91C80029FE3F /* FinishNewDreamViewController.swift */ = {isa = PBXFileReference; lastKnownFileType = sourcecode.swift; path = FinishNewDreamViewController.swift; sourceTree = "<group>"; };
		D670180F246C2A210029FE3F /* DreamTextField.swift */ = {isa = PBXFileReference; lastKnownFileType = sourcecode.swift; path = DreamTextField.swift; sourceTree = "<group>"; };
		D69BC4B7246B46FB00C1CBA3 /* AudioRecorderHelperUIDelegate.swift */ = {isa = PBXFileReference; lastKnownFileType = sourcecode.swift; path = AudioRecorderHelperUIDelegate.swift; sourceTree = "<group>"; };
		D69BC4B9246B471300C1CBA3 /* AudioRecorderStartingError.swift */ = {isa = PBXFileReference; lastKnownFileType = sourcecode.swift; path = AudioRecorderStartingError.swift; sourceTree = "<group>"; };
		D69BC4BC246B498B00C1CBA3 /* Logger.swift */ = {isa = PBXFileReference; lastKnownFileType = sourcecode.swift; path = Logger.swift; sourceTree = "<group>"; };
		D69BC4BE246B4F4000C1CBA3 /* AudioRecorderHelperErrorDelegate.swift */ = {isa = PBXFileReference; lastKnownFileType = sourcecode.swift; path = AudioRecorderHelperErrorDelegate.swift; sourceTree = "<group>"; };
		D69BC4C0246B5F8400C1CBA3 /* DreamRecorderErrorDelegate.swift */ = {isa = PBXFileReference; lastKnownFileType = sourcecode.swift; path = DreamRecorderErrorDelegate.swift; sourceTree = "<group>"; };
		D69BC4C2246B69A700C1CBA3 /* RecordDreamView.swift */ = {isa = PBXFileReference; lastKnownFileType = sourcecode.swift; path = RecordDreamView.swift; sourceTree = "<group>"; };
		D6BA52F42469DE8C00166A7B /* AudioRecorderHelper.swift */ = {isa = PBXFileReference; lastKnownFileType = sourcecode.swift; path = AudioRecorderHelper.swift; sourceTree = "<group>"; };
		D6D1A736246ADAA800119418 /* CustomStringInterpolation.swift */ = {isa = PBXFileReference; lastKnownFileType = sourcecode.swift; path = CustomStringInterpolation.swift; sourceTree = "<group>"; };
		D6D27CDB2468625F00B7AF8F /* RoundedViews.swift */ = {isa = PBXFileReference; lastKnownFileType = sourcecode.swift; path = RoundedViews.swift; sourceTree = "<group>"; };
/* End PBXFileReference section */

/* Begin PBXFrameworksBuildPhase section */
		D65A2AF2242A4F3E00E3326E /* Frameworks */ = {
			isa = PBXFrameworksBuildPhase;
			buildActionMask = 2147483647;
			files = (
			);
			runOnlyForDeploymentPostprocessing = 0;
		};
/* End PBXFrameworksBuildPhase section */

/* Begin PBXGroup section */
		D65A2AEC242A4F3E00E3326E = {
			isa = PBXGroup;
			children = (
				D65A2AF7242A4F3E00E3326E /* Dream App */,
				D65A2AF6242A4F3E00E3326E /* Products */,
			);
			sourceTree = "<group>";
		};
		D65A2AF6242A4F3E00E3326E /* Products */ = {
			isa = PBXGroup;
			children = (
				D65A2AF5242A4F3E00E3326E /* Dream App.app */,
			);
			name = Products;
			sourceTree = "<group>";
		};
		D65A2AF7242A4F3E00E3326E /* Dream App */ = {
			isa = PBXGroup;
			children = (
				D65A2AF8242A4F3E00E3326E /* AppDelegate.swift */,
				D65A2AFA242A4F3E00E3326E /* SceneDelegate.swift */,
				D6BA52F32469DE6A00166A7B /* Utils */,
				D69BC4C4246B69C100C1CBA3 /* Record Dream */,
				D65A2AFE242A4F3E00E3326E /* Main.storyboard */,
				D65A2B01242A4F4400E3326E /* Assets.xcassets */,
				D65A2B03242A4F4400E3326E /* LaunchScreen.storyboard */,
				D65A2B06242A4F4400E3326E /* Info.plist */,
			);
			path = "Dream App";
			sourceTree = "<group>";
		};
		D69BC4B6246B46C400C1CBA3 /* Audio */ = {
			isa = PBXGroup;
			children = (
				D6BA52F42469DE8C00166A7B /* AudioRecorderHelper.swift */,
				D69BC4B7246B46FB00C1CBA3 /* AudioRecorderHelperUIDelegate.swift */,
				D69BC4BE246B4F4000C1CBA3 /* AudioRecorderHelperErrorDelegate.swift */,
				D69BC4B9246B471300C1CBA3 /* AudioRecorderStartingError.swift */,
			);
			path = Audio;
			sourceTree = "<group>";
		};
		D69BC4BB246B497E00C1CBA3 /* Logger */ = {
			isa = PBXGroup;
			children = (
				D69BC4BC246B498B00C1CBA3 /* Logger.swift */,
			);
			path = Logger;
			sourceTree = "<group>";
		};
		D69BC4C4246B69C100C1CBA3 /* Record Dream */ = {
			isa = PBXGroup;
			children = (
				D65A2AFC242A4F3E00E3326E /* RecordDreamViewController.swift */,
				D69BC4C2246B69A700C1CBA3 /* RecordDreamView.swift */,
				D6701807246B74920029FE3F /* RecordDreamViewDelegate.swift */,
				D69BC4C0246B5F8400C1CBA3 /* DreamRecorderErrorDelegate.swift */,
				D670180D246B91C80029FE3F /* FinishNewDreamViewController.swift */,
			);
			path = "Record Dream";
			sourceTree = "<group>";
		};
		D6BA52F32469DE6A00166A7B /* Utils */ = {
			isa = PBXGroup;
			children = (
				D6D1A736246ADAA800119418 /* CustomStringInterpolation.swift */,
				D69BC4BB246B497E00C1CBA3 /* Logger */,
				D69BC4B6246B46C400C1CBA3 /* Audio */,
				D6D27CD824685FC000B7AF8F /* UI */,
			);
			path = Utils;
			sourceTree = "<group>";
		};
		D6D27CD824685FC000B7AF8F /* UI */ = {
			isa = PBXGroup;
			children = (
				D6D27CDB2468625F00B7AF8F /* RoundedViews.swift */,
				D670180F246C2A210029FE3F /* DreamTextField.swift */,
			);
			path = UI;
			sourceTree = "<group>";
		};
/* End PBXGroup section */

/* Begin PBXNativeTarget section */
		D65A2AF4242A4F3E00E3326E /* Dream App */ = {
			isa = PBXNativeTarget;
			buildConfigurationList = D65A2B09242A4F4400E3326E /* Build configuration list for PBXNativeTarget "Dream App" */;
			buildPhases = (
				D65A2AF1242A4F3E00E3326E /* Sources */,
				D65A2AF2242A4F3E00E3326E /* Frameworks */,
				D65A2AF3242A4F3E00E3326E /* Resources */,
			);
			buildRules = (
			);
			dependencies = (
			);
			name = "Dream App";
			productName = "Dream App";
			productReference = D65A2AF5242A4F3E00E3326E /* Dream App.app */;
			productType = "com.apple.product-type.application";
		};
/* End PBXNativeTarget section */

/* Begin PBXProject section */
		D65A2AED242A4F3E00E3326E /* Project object */ = {
			isa = PBXProject;
			attributes = {
				LastSwiftUpdateCheck = 1130;
				LastUpgradeCheck = 1130;
				ORGANIZATIONNAME = "Samantha Gatt";
				TargetAttributes = {
					D65A2AF4242A4F3E00E3326E = {
						CreatedOnToolsVersion = 11.3.1;
					};
				};
			};
			buildConfigurationList = D65A2AF0242A4F3E00E3326E /* Build configuration list for PBXProject "Dream App" */;
			compatibilityVersion = "Xcode 9.3";
			developmentRegion = en;
			hasScannedForEncodings = 0;
			knownRegions = (
				en,
				Base,
			);
			mainGroup = D65A2AEC242A4F3E00E3326E;
			productRefGroup = D65A2AF6242A4F3E00E3326E /* Products */;
			projectDirPath = "";
			projectRoot = "";
			targets = (
				D65A2AF4242A4F3E00E3326E /* Dream App */,
			);
		};
/* End PBXProject section */

/* Begin PBXResourcesBuildPhase section */
		D65A2AF3242A4F3E00E3326E /* Resources */ = {
			isa = PBXResourcesBuildPhase;
			buildActionMask = 2147483647;
			files = (
				D65A2B05242A4F4400E3326E /* LaunchScreen.storyboard in Resources */,
				D65A2B02242A4F4400E3326E /* Assets.xcassets in Resources */,
				D65A2B00242A4F3E00E3326E /* Main.storyboard in Resources */,
			);
			runOnlyForDeploymentPostprocessing = 0;
		};
/* End PBXResourcesBuildPhase section */

/* Begin PBXSourcesBuildPhase section */
		D65A2AF1242A4F3E00E3326E /* Sources */ = {
			isa = PBXSourcesBuildPhase;
			buildActionMask = 2147483647;
			files = (
				D6D27CDC2468625F00B7AF8F /* RoundedViews.swift in Sources */,
				D6701810246C2A210029FE3F /* DreamTextField.swift in Sources */,
				D69BC4B8246B46FB00C1CBA3 /* AudioRecorderHelperUIDelegate.swift in Sources */,
				D69BC4C1246B5F8400C1CBA3 /* DreamRecorderErrorDelegate.swift in Sources */,
				D69BC4BA246B471300C1CBA3 /* AudioRecorderStartingError.swift in Sources */,
				D65A2AFD242A4F3E00E3326E /* RecordDreamViewController.swift in Sources */,
				D69BC4BD246B498B00C1CBA3 /* Logger.swift in Sources */,
				D6BA52F52469DE8C00166A7B /* AudioRecorderHelper.swift in Sources */,
				D670180E246B91C80029FE3F /* FinishNewDreamViewController.swift in Sources */,
				D6701808246B74920029FE3F /* RecordDreamViewDelegate.swift in Sources */,
				D69BC4C3246B69A700C1CBA3 /* RecordDreamView.swift in Sources */,
				D6D1A737246ADAA800119418 /* CustomStringInterpolation.swift in Sources */,
				D65A2AF9242A4F3E00E3326E /* AppDelegate.swift in Sources */,
				D69BC4BF246B4F4000C1CBA3 /* AudioRecorderHelperErrorDelegate.swift in Sources */,
				D65A2AFB242A4F3E00E3326E /* SceneDelegate.swift in Sources */,
			);
			runOnlyForDeploymentPostprocessing = 0;
		};
/* End PBXSourcesBuildPhase section */

/* Begin PBXVariantGroup section */
		D65A2AFE242A4F3E00E3326E /* Main.storyboard */ = {
			isa = PBXVariantGroup;
			children = (
				D65A2AFF242A4F3E00E3326E /* Base */,
			);
			name = Main.storyboard;
			sourceTree = "<group>";
		};
		D65A2B03242A4F4400E3326E /* LaunchScreen.storyboard */ = {
			isa = PBXVariantGroup;
			children = (
				D65A2B04242A4F4400E3326E /* Base */,
			);
			name = LaunchScreen.storyboard;
			sourceTree = "<group>";
		};
/* End PBXVariantGroup section */

/* Begin XCBuildConfiguration section */
		D65A2B07242A4F4400E3326E /* Debug */ = {
			isa = XCBuildConfiguration;
			buildSettings = {
				ALWAYS_SEARCH_USER_PATHS = NO;
				CLANG_ANALYZER_NONNULL = YES;
				CLANG_ANALYZER_NUMBER_OBJECT_CONVERSION = YES_AGGRESSIVE;
				CLANG_CXX_LANGUAGE_STANDARD = "gnu++14";
				CLANG_CXX_LIBRARY = "libc++";
				CLANG_ENABLE_MODULES = YES;
				CLANG_ENABLE_OBJC_ARC = YES;
				CLANG_ENABLE_OBJC_WEAK = YES;
				CLANG_WARN_BLOCK_CAPTURE_AUTORELEASING = YES;
				CLANG_WARN_BOOL_CONVERSION = YES;
				CLANG_WARN_COMMA = YES;
				CLANG_WARN_CONSTANT_CONVERSION = YES;
				CLANG_WARN_DEPRECATED_OBJC_IMPLEMENTATIONS = YES;
				CLANG_WARN_DIRECT_OBJC_ISA_USAGE = YES_ERROR;
				CLANG_WARN_DOCUMENTATION_COMMENTS = YES;
				CLANG_WARN_EMPTY_BODY = YES;
				CLANG_WARN_ENUM_CONVERSION = YES;
				CLANG_WARN_INFINITE_RECURSION = YES;
				CLANG_WARN_INT_CONVERSION = YES;
				CLANG_WARN_NON_LITERAL_NULL_CONVERSION = YES;
				CLANG_WARN_OBJC_IMPLICIT_RETAIN_SELF = YES;
				CLANG_WARN_OBJC_LITERAL_CONVERSION = YES;
				CLANG_WARN_OBJC_ROOT_CLASS = YES_ERROR;
				CLANG_WARN_RANGE_LOOP_ANALYSIS = YES;
				CLANG_WARN_STRICT_PROTOTYPES = YES;
				CLANG_WARN_SUSPICIOUS_MOVE = YES;
				CLANG_WARN_UNGUARDED_AVAILABILITY = YES_AGGRESSIVE;
				CLANG_WARN_UNREACHABLE_CODE = YES;
				CLANG_WARN__DUPLICATE_METHOD_MATCH = YES;
				COPY_PHASE_STRIP = NO;
				DEBUG_INFORMATION_FORMAT = dwarf;
				ENABLE_STRICT_OBJC_MSGSEND = YES;
				ENABLE_TESTABILITY = YES;
				GCC_C_LANGUAGE_STANDARD = gnu11;
				GCC_DYNAMIC_NO_PIC = NO;
				GCC_NO_COMMON_BLOCKS = YES;
				GCC_OPTIMIZATION_LEVEL = 0;
				GCC_PREPROCESSOR_DEFINITIONS = (
					"DEBUG=1",
					"$(inherited)",
				);
				GCC_WARN_64_TO_32_BIT_CONVERSION = YES;
				GCC_WARN_ABOUT_RETURN_TYPE = YES_ERROR;
				GCC_WARN_UNDECLARED_SELECTOR = YES;
				GCC_WARN_UNINITIALIZED_AUTOS = YES_AGGRESSIVE;
				GCC_WARN_UNUSED_FUNCTION = YES;
				GCC_WARN_UNUSED_VARIABLE = YES;
				IPHONEOS_DEPLOYMENT_TARGET = 13.2;
				MTL_ENABLE_DEBUG_INFO = INCLUDE_SOURCE;
				MTL_FAST_MATH = YES;
				ONLY_ACTIVE_ARCH = YES;
				SDKROOT = iphoneos;
				SWIFT_ACTIVE_COMPILATION_CONDITIONS = DEBUG;
				SWIFT_OPTIMIZATION_LEVEL = "-Onone";
			};
			name = Debug;
		};
		D65A2B08242A4F4400E3326E /* Release */ = {
			isa = XCBuildConfiguration;
			buildSettings = {
				ALWAYS_SEARCH_USER_PATHS = NO;
				CLANG_ANALYZER_NONNULL = YES;
				CLANG_ANALYZER_NUMBER_OBJECT_CONVERSION = YES_AGGRESSIVE;
				CLANG_CXX_LANGUAGE_STANDARD = "gnu++14";
				CLANG_CXX_LIBRARY = "libc++";
				CLANG_ENABLE_MODULES = YES;
				CLANG_ENABLE_OBJC_ARC = YES;
				CLANG_ENABLE_OBJC_WEAK = YES;
				CLANG_WARN_BLOCK_CAPTURE_AUTORELEASING = YES;
				CLANG_WARN_BOOL_CONVERSION = YES;
				CLANG_WARN_COMMA = YES;
				CLANG_WARN_CONSTANT_CONVERSION = YES;
				CLANG_WARN_DEPRECATED_OBJC_IMPLEMENTATIONS = YES;
				CLANG_WARN_DIRECT_OBJC_ISA_USAGE = YES_ERROR;
				CLANG_WARN_DOCUMENTATION_COMMENTS = YES;
				CLANG_WARN_EMPTY_BODY = YES;
				CLANG_WARN_ENUM_CONVERSION = YES;
				CLANG_WARN_INFINITE_RECURSION = YES;
				CLANG_WARN_INT_CONVERSION = YES;
				CLANG_WARN_NON_LITERAL_NULL_CONVERSION = YES;
				CLANG_WARN_OBJC_IMPLICIT_RETAIN_SELF = YES;
				CLANG_WARN_OBJC_LITERAL_CONVERSION = YES;
				CLANG_WARN_OBJC_ROOT_CLASS = YES_ERROR;
				CLANG_WARN_RANGE_LOOP_ANALYSIS = YES;
				CLANG_WARN_STRICT_PROTOTYPES = YES;
				CLANG_WARN_SUSPICIOUS_MOVE = YES;
				CLANG_WARN_UNGUARDED_AVAILABILITY = YES_AGGRESSIVE;
				CLANG_WARN_UNREACHABLE_CODE = YES;
				CLANG_WARN__DUPLICATE_METHOD_MATCH = YES;
				COPY_PHASE_STRIP = NO;
				DEBUG_INFORMATION_FORMAT = "dwarf-with-dsym";
				ENABLE_NS_ASSERTIONS = NO;
				ENABLE_STRICT_OBJC_MSGSEND = YES;
				GCC_C_LANGUAGE_STANDARD = gnu11;
				GCC_NO_COMMON_BLOCKS = YES;
				GCC_WARN_64_TO_32_BIT_CONVERSION = YES;
				GCC_WARN_ABOUT_RETURN_TYPE = YES_ERROR;
				GCC_WARN_UNDECLARED_SELECTOR = YES;
				GCC_WARN_UNINITIALIZED_AUTOS = YES_AGGRESSIVE;
				GCC_WARN_UNUSED_FUNCTION = YES;
				GCC_WARN_UNUSED_VARIABLE = YES;
				IPHONEOS_DEPLOYMENT_TARGET = 13.2;
				MTL_ENABLE_DEBUG_INFO = NO;
				MTL_FAST_MATH = YES;
				SDKROOT = iphoneos;
				SWIFT_COMPILATION_MODE = wholemodule;
				SWIFT_OPTIMIZATION_LEVEL = "-O";
				VALIDATE_PRODUCT = YES;
			};
			name = Release;
		};
		D65A2B0A242A4F4400E3326E /* Debug */ = {
			isa = XCBuildConfiguration;
			buildSettings = {
				ASSETCATALOG_COMPILER_APPICON_NAME = AppIcon;
				CODE_SIGN_STYLE = Automatic;
				DEVELOPMENT_TEAM = 84AK8SAYG2;
				INFOPLIST_FILE = "Dream App/Info.plist";
				LD_RUNPATH_SEARCH_PATHS = (
					"$(inherited)",
					"@executable_path/Frameworks",
				);
				PRODUCT_BUNDLE_IDENTIFIER = "com.samanthagatt.Dream-App";
				PRODUCT_NAME = "$(TARGET_NAME)";
				SWIFT_VERSION = 5.0;
				TARGETED_DEVICE_FAMILY = "1,2";
			};
			name = Debug;
		};
		D65A2B0B242A4F4400E3326E /* Release */ = {
			isa = XCBuildConfiguration;
			buildSettings = {
				ASSETCATALOG_COMPILER_APPICON_NAME = AppIcon;
				CODE_SIGN_STYLE = Automatic;
				DEVELOPMENT_TEAM = 84AK8SAYG2;
				INFOPLIST_FILE = "Dream App/Info.plist";
				LD_RUNPATH_SEARCH_PATHS = (
					"$(inherited)",
					"@executable_path/Frameworks",
				);
				PRODUCT_BUNDLE_IDENTIFIER = "com.samanthagatt.Dream-App";
				PRODUCT_NAME = "$(TARGET_NAME)";
				SWIFT_VERSION = 5.0;
				TARGETED_DEVICE_FAMILY = "1,2";
			};
			name = Release;
		};
/* End XCBuildConfiguration section */

/* Begin XCConfigurationList section */
		D65A2AF0242A4F3E00E3326E /* Build configuration list for PBXProject "Dream App" */ = {
			isa = XCConfigurationList;
			buildConfigurations = (
				D65A2B07242A4F4400E3326E /* Debug */,
				D65A2B08242A4F4400E3326E /* Release */,
			);
			defaultConfigurationIsVisible = 0;
			defaultConfigurationName = Release;
		};
		D65A2B09242A4F4400E3326E /* Build configuration list for PBXNativeTarget "Dream App" */ = {
			isa = XCConfigurationList;
			buildConfigurations = (
				D65A2B0A242A4F4400E3326E /* Debug */,
				D65A2B0B242A4F4400E3326E /* Release */,
			);
			defaultConfigurationIsVisible = 0;
			defaultConfigurationName = Release;
		};
/* End XCConfigurationList section */
	};
	rootObject = D65A2AED242A4F3E00E3326E /* Project object */;
}
